
Microsoft Visual Studio Solution File, Format Version 12.00
# Visual Studio Version 17
VisualStudioVersion = 17.3.32804.467
MinimumVisualStudioVersion = 10.0.40219.1
Project("{FAE04EC0-301F-11D3-BF4B-00C04F79EFBC}") = "TodoAPI", "TodoAPI\TodoAPI.csproj", "{3F635E26-8D93-4DA9-A577-238021540C8B}"
EndProject
Global
	GlobalSection(SolutionConfigurationPlatforms) = preSolution
		Debug|Any CPU = Debug|Any CPU
		Release|Any CPU = Release|Any CPU
	EndGlobalSection
	GlobalSection(ProjectConfigurationPlatforms) = postSolution
		{3F635E26-8D93-4DA9-A577-238021540C8B}.Debug|Any CPU.ActiveCfg = Debug|Any CPU
		{3F635E26-8D93-4DA9-A577-238021540C8B}.Debug|Any CPU.Build.0 = Debug|Any CPU
		{3F635E26-8D93-4DA9-A577-238021540C8B}.Release|Any CPU.ActiveCfg = Release|Any CPU
		{3F635E26-8D93-4DA9-A577-238021540C8B}.Release|Any CPU.Build.0 = Release|Any CPU
	EndGlobalSection
	GlobalSection(SolutionProperties) = preSolution
		HideSolutionNode = FALSE
	EndGlobalSection
	GlobalSection(ExtensibilityGlobals) = postSolution
		SolutionGuid = {352829C7-0844-44E9-A16A-57CDEFD9956B}
	EndGlobalSection
EndGlobal
